# Generated by pub
# See https://dart.dev/tools/pub/glossary#lockfile
packages:
  _fe_analyzer_shared:
    dependency: transitive
    description:
      name: _fe_analyzer_shared
      sha256: "3b2fe435eec193a3c31dd4fb2b28b11cf7036cc12287a20745157debd2d2c433"
      url: "https://pub.dev"
    source: hosted
    version: "40.0.0"
  analyzer:
    dependency: transitive
    description:
      name: analyzer
      sha256: f64b626238d464c38540c6798ffbf3d1abaafd8b9195b6c3eefa2cb544041843
      url: "https://pub.dev"
    source: hosted
    version: "4.1.0"
  args:
    dependency: transitive
    description:
      name: args
      sha256: b003c3098049a51720352d219b0bb5f219b60fbfb68e7a4748139a06a5676515
      url: "https://pub.dev"
    source: hosted
    version: "2.3.1"
  async:
    dependency: transitive
    description:
      name: async
      sha256: "271b8899fc99f9df4f4ed419fa14e2fff392c7b2c162fbb87b222e2e963ddc73"
      url: "https://pub.dev"
    source: hosted
    version: "2.9.0"
  auto_size_text:
    dependency: "direct main"
    description:
      name: auto_size_text
      sha256: "3f5261cd3fb5f2a9ab4e2fc3fba84fd9fcaac8821f20a1d4e71f557521b22599"
      url: "https://pub.dev"
    source: hosted
    version: "3.0.0"
  awesome_dialog:
    dependency: "direct main"
    description:
      name: awesome_dialog
      sha256: "35a17da157ffb732dedf25a832dcf121fbbeccd1557b88a4113eb5dca3473a5b"
      url: "https://pub.dev"
    source: hosted
    version: "2.2.1"
  boolean_selector:
    dependency: transitive
    description:
      name: boolean_selector
      sha256: "5bbf32bc9e518d41ec49718e2931cd4527292c9b0c6d2dffcf7fe6b9a8a8cf72"
      url: "https://pub.dev"
    source: hosted
    version: "2.1.0"
  characters:
    dependency: transitive
    description:
      name: characters
      sha256: "04a925763edad70e8443c99234dc3328f442e811f1d8fd1a72f1c8ad0f69a605"
      url: "https://pub.dev"
    source: hosted
    version: "1.3.0"
  clock:
    dependency: transitive
    description:
      name: clock
      sha256: "6021e0172ab6e6eaa1d391afed0a99353921f00c54385c574dc53e55d67c092c"
      url: "https://pub.dev"
    source: hosted
    version: "1.1.0"
  cloud_firestore:
    dependency: "direct main"
    description:
      name: cloud_firestore
      sha256: "420149fa5b972348687a7c86c2f4ecaafabf230d8969a1960636970272e7f441"
      url: "https://pub.dev"
    source: hosted
    version: "3.1.16"
  cloud_firestore_platform_interface:
    dependency: transitive
    description:
      name: cloud_firestore_platform_interface
      sha256: fcf139f0f551926dbe539e8dd6ac1c0bc9d62a8f9b4f74cde24b9b6e41afc872
      url: "https://pub.dev"
    source: hosted
    version: "5.5.6"
  cloud_firestore_web:
    dependency: transitive
    description:
      name: cloud_firestore_web
      sha256: "2bb3f563745aa092d55034032becd80d1dc45564a357c42d19c19b29bd1e6c6c"
      url: "https://pub.dev"
    source: hosted
    version: "2.6.15"
  collection:
    dependency: transitive
    description:
      name: collection
      sha256: "4a07be6cb69c84d677a6c3096fcf960cc3285a8330b4603e0d463d15d9bd934c"
      url: "https://pub.dev"
    source: hosted
    version: "1.17.1"
  convert:
    dependency: transitive
    description:
      name: convert
      sha256: f08428ad63615f96a27e34221c65e1a451439b5f26030f78d790f461c686d65d
      url: "https://pub.dev"
    source: hosted
    version: "3.0.1"
  coverage:
    dependency: transitive
    description:
      name: coverage
      sha256: "17cf9a839208acaed741b1f00ac87cd1fde00548198ba57205cca45c749cb379"
      url: "https://pub.dev"
    source: hosted
    version: "1.3.2"
  cross_file:
    dependency: transitive
    description:
      name: cross_file
      sha256: "7632a2bcddc8cef4afde3c6f80e69b29a7060e176f01119c229fe4eb3a2a3d4f"
      url: "https://pub.dev"
    source: hosted
    version: "0.3.3+1"
  crypto:
    dependency: transitive
    description:
      name: crypto
      sha256: aa274aa7774f8964e4f4f38cc994db7b6158dd36e9187aaceaddc994b35c6c67
      url: "https://pub.dev"
    source: hosted
    version: "3.0.2"
  cupertino_icons:
    dependency: "direct main"
    description:
      name: cupertino_icons
      sha256: "1989d917fbe8e6b39806207df5a3fdd3d816cbd090fac2ce26fb45e9a71476e5"
      url: "https://pub.dev"
    source: hosted
    version: "1.0.4"
  ffi:
    dependency: transitive
    description:
      name: ffi
      sha256: "13a6ccf6a459a125b3fcdb6ec73bd5ff90822e071207c663bfd1f70062d51d18"
      url: "https://pub.dev"
    source: hosted
    version: "1.2.1"
  file:
    dependency: transitive
    description:
      name: file
      sha256: b69516f2c26a5bcac4eee2e32512e1a5205ab312b3536c1c1227b2b942b5f9ad
      url: "https://pub.dev"
    source: hosted
    version: "6.1.2"
  firebase_auth:
    dependency: "direct main"
    description:
      name: firebase_auth
      sha256: ea6afdf6e617e02522efdc398baae982f2531f72e564e12ae6377a08c5fc59fe
      url: "https://pub.dev"
    source: hosted
    version: "3.3.18"
  firebase_auth_platform_interface:
    dependency: transitive
    description:
      name: firebase_auth_platform_interface
      sha256: "34b7f6142f1de7c6c0449fd844c631044505a0be23ca84403d7ff7a01d270b2e"
      url: "https://pub.dev"
    source: hosted
    version: "6.2.6"
  firebase_auth_web:
    dependency: transitive
    description:
      name: firebase_auth_web
      sha256: "6915d6c1df19e99057c008a0fbc0ab92bd7439d372623af52eaf10347304e94c"
      url: "https://pub.dev"
    source: hosted
    version: "3.3.15"
  firebase_core:
    dependency: "direct main"
    description:
      name: firebase_core
      sha256: e23ac786a62f08742bf969230d98658f88a35312c838e19ddc1febf3e6efeb09
      url: "https://pub.dev"
    source: hosted
    version: "1.17.0"
  firebase_core_platform_interface:
    dependency: transitive
    description:
      name: firebase_core_platform_interface
      sha256: "4292dfccb04e63edd7c3d311f3903016ad3ef243bf053f984fa87c8eeacc9f1a"
      url: "https://pub.dev"
    source: hosted
    version: "4.4.0"
  firebase_core_web:
    dependency: transitive
    description:
      name: firebase_core_web
      sha256: "68d3430e3f1db2c547d984d9f9fe52bf0967d2cd25a637efc91a93f5914272c2"
      url: "https://pub.dev"
    source: hosted
    version: "1.6.4"
  firebase_database:
    dependency: "direct main"
    description:
      name: firebase_database
      sha256: "58e98d147d914ca650e8aadea654c4685afb48d203f089efb51bd06a12aa6f49"
      url: "https://pub.dev"
    source: hosted
    version: "9.0.14"
  firebase_database_platform_interface:
    dependency: transitive
    description:
      name: firebase_database_platform_interface
      sha256: "0a80de1a170a0ea8aa77ae15312ebc136c6d2028b0be31d87065943cc404bc87"
      url: "https://pub.dev"
    source: hosted
    version: "0.2.1+6"
  firebase_database_web:
    dependency: transitive
    description:
      name: firebase_database_web
      sha256: a331947a6ecb64e03bcbd435fa4f2631080dc0c311cce77fd3e57c865cab409e
      url: "https://pub.dev"
    source: hosted
    version: "0.2.0+13"
  firebase_storage:
    dependency: "direct main"
    description:
      name: firebase_storage
      sha256: f48c72edee826debb2e3385e4913a3432e5acda1567e5d0ca1aac3f83b24023f
      url: "https://pub.dev"
    source: hosted
    version: "10.2.16"
  firebase_storage_platform_interface:
    dependency: transitive
    description:
      name: firebase_storage_platform_interface
      sha256: "094991e0d334710c9aa2fafad34c32beb6264a04b8625e8d9c569e8c028d0a35"
      url: "https://pub.dev"
    source: hosted
    version: "4.1.6"
  firebase_storage_web:
    dependency: transitive
    description:
      name: firebase_storage_web
      sha256: bbabb32878491171e0be7bc94b91f424c11609a633de61ab89524d584154f72a
      url: "https://pub.dev"
    source: hosted
    version: "3.2.15"
  flare_flutter:
    dependency: transitive
    description:
      name: flare_flutter
      sha256: "99d63c60f00fac81249ce6410ee015d7b125c63d8278a30da81edf3317a1f6a0"
      url: "https://pub.dev"
    source: hosted
    version: "3.0.2"
  flutter:
    dependency: "direct main"
    description: flutter
    source: sdk
    version: "0.0.0"
  flutter_config:
    dependency: "direct dev"
    description:
      name: flutter_config
      sha256: a07e6156bb6e776e29c6357be433155acda87d1dab1a3f787a72091a1b71ffbf
      url: "https://pub.dev"
    source: hosted
    version: "2.0.2"
  flutter_datetime_picker:
    dependency: "direct main"
    description:
      name: flutter_datetime_picker
      sha256: "8e695c63c769350e541951227c2775190ec73ceda774a315b1dc9a99d5facfe5"
      url: "https://pub.dev"
    source: hosted
    version: "1.5.1"
  flutter_google_places:
    dependency: "direct main"
    description:
      name: flutter_google_places
      sha256: e9fb23ceacdc7359aa759627550146f7fd3ae6c067d16f39f3c50d8feebf4809
      url: "https://pub.dev"
    source: hosted
    version: "0.3.0"
  flutter_lints:
    dependency: "direct dev"
    description:
      name: flutter_lints
      sha256: b543301ad291598523947dc534aaddc5aaad597b709d2426d3a0e0d44c5cb493
      url: "https://pub.dev"
    source: hosted
    version: "1.0.4"
  flutter_plugin_android_lifecycle:
    dependency: transitive
    description:
      name: flutter_plugin_android_lifecycle
      sha256: "6ffe524cd6a7d49d99b2bf979a4f6ad82304c639cea4c8d3d0f8cf1aff24e74a"
      url: "https://pub.dev"
    source: hosted
    version: "2.0.6"
  flutter_svg:
    dependency: "direct main"
    description:
      name: flutter_svg
      sha256: c9bb2757b8a0bbf8e45f4069a90d2b9dbafc80b1a5e28d43e29088be533e6df4
      url: "https://pub.dev"
    source: hosted
    version: "1.0.3"
  flutter_web_plugins:
    dependency: transitive
    description: flutter
    source: sdk
    version: "0.0.0"
  frontend_server_client:
    dependency: transitive
    description:
      name: frontend_server_client
      sha256: "4f4a162323c86ffc1245765cfe138872b8f069deb42f7dbb36115fa27f31469b"
      url: "https://pub.dev"
    source: hosted
    version: "2.1.3"
  geolocator:
    dependency: "direct main"
    description:
      name: geolocator
      sha256: "5c496b46e245d006760e643cedde7c9fa785a34391b5eca857a46358f9bde02b"
      url: "https://pub.dev"
    source: hosted
    version: "8.2.1"
  geolocator_android:
    dependency: transitive
    description:
      name: geolocator_android
      sha256: fb3ed126bb26d6f3a2a16676e7f2073d6093822eed8775b3837783c3646ea1d6
      url: "https://pub.dev"
    source: hosted
    version: "3.1.8"
  geolocator_apple:
    dependency: transitive
    description:
      name: geolocator_apple
      sha256: cb700c8baa28ff09f9ef1ca4f9493f50f50b1024600fd4de50ba2ddde36466ef
      url: "https://pub.dev"
    source: hosted
    version: "2.1.4"
  geolocator_platform_interface:
    dependency: transitive
    description:
      name: geolocator_platform_interface
      sha256: c228ba4348bfe59e76b87a0612074eaf308103a8d9c2d7bfe19827d8ee25f43d
      url: "https://pub.dev"
    source: hosted
    version: "4.0.5"
  geolocator_web:
    dependency: transitive
    description:
      name: geolocator_web
      sha256: "4a7b473a501c6e28c44373cbffda6ef37e447f3300c0d4d229de1246dc4491ef"
      url: "https://pub.dev"
    source: hosted
    version: "2.1.5"
  geolocator_windows:
    dependency: transitive
    description:
      name: geolocator_windows
      sha256: f5911c88e23f48b598dd506c7c19eff0e001645bdc03bb6fecb9f4549208354d
      url: "https://pub.dev"
    source: hosted
    version: "0.1.1"
  glob:
    dependency: transitive
    description:
      name: glob
      sha256: "8321dd2c0ab0683a91a51307fa844c6db4aa8e3981219b78961672aaab434658"
      url: "https://pub.dev"
    source: hosted
    version: "2.0.2"
  google_api_headers:
    dependency: "direct main"
    description:
      name: google_api_headers
      sha256: a66489abaa3c3585b618eb68632b1bd16009157a80cb296ad144d14d792ff569
      url: "https://pub.dev"
    source: hosted
    version: "1.3.0"
  google_fonts:
    dependency: "direct main"
    description:
      name: google_fonts
      sha256: e70521755a6b08c6bde14ddae27dff5bf21010033888fc61da6c595f8a9f58c1
      url: "https://pub.dev"
    source: hosted
    version: "2.3.3"
  google_maps_flutter:
    dependency: "direct main"
    description:
      name: google_maps_flutter
      sha256: "028f46a796f331391fd6f06411646dd3b64ad36a1c1c6877861181275274c3be"
      url: "https://pub.dev"
    source: hosted
    version: "2.1.5"
  google_maps_flutter_platform_interface:
    dependency: transitive
    description:
      name: google_maps_flutter_platform_interface
      sha256: "0f14c7153e5df0517c274d2d67178ffc312c4f38fa1c56d27d676ffa4cc016d0"
      url: "https://pub.dev"
    source: hosted
    version: "2.1.7"
  google_maps_webservice:
    dependency: "direct main"
    description:
      name: google_maps_webservice
      sha256: d0ae4e4508afd74a3f051565261a3cdbae59db29448f9b6e6beb5674545e1eb7
      url: "https://pub.dev"
    source: hosted
    version: "0.0.20-nullsafety.5"
  google_sign_in:
    dependency: "direct main"
    description:
      name: google_sign_in
      sha256: c1632c25dd9a1ef758ef3bcfa70af15196b70ad64b6397217f2aa6284bfddee1
      url: "https://pub.dev"
    source: hosted
    version: "5.3.2"
  google_sign_in_android:
    dependency: transitive
    description:
      name: google_sign_in_android
      sha256: "12941b9b7db4fab60a657d167fd72d06fd1214275ee3624404a0b222bb89e334"
      url: "https://pub.dev"
    source: hosted
    version: "5.2.8"
  google_sign_in_ios:
    dependency: transitive
    description:
      name: google_sign_in_ios
      sha256: "35b1a9d3057f96de2c2d75c82c7655814b53ddbc84741d13be735cd6b69c597b"
      url: "https://pub.dev"
    source: hosted
    version: "5.3.1"
  google_sign_in_platform_interface:
    dependency: transitive
    description:
      name: google_sign_in_platform_interface
      sha256: "361c48a8ce52ad50de5d52cbeeceb759228ec3b0e1b6be5b83c595e3e1357c74"
      url: "https://pub.dev"
    source: hosted
    version: "2.1.3"
  google_sign_in_web:
    dependency: transitive
    description:
      name: google_sign_in_web
      sha256: "9d943fe1c2dd556971e68c210e39707cef66786519a1f70de491e7ea5e2def3b"
      url: "https://pub.dev"
    source: hosted
    version: "0.10.1+2"
  graphs:
    dependency: transitive
    description:
      name: graphs
      sha256: ae0b3d956ff324c6f8671f08dcb2dbd71c99cdbf2aa3ca63a14190c47aa6679c
      url: "https://pub.dev"
    source: hosted
    version: "2.1.0"
  http:
    dependency: transitive
    description:
      name: http
      sha256: "2ed163531e071c2c6b7c659635112f24cb64ecbebf6af46b550d536c0b1aa112"
      url: "https://pub.dev"
    source: hosted
    version: "0.13.4"
  http_multi_server:
    dependency: transitive
    description:
      name: http_multi_server
      sha256: ab298ef2b2acd283bd36837df7801dcf6e6b925f8da6e09efb81111230aa9037
      url: "https://pub.dev"
    source: hosted
    version: "3.2.0"
  http_parser:
    dependency: transitive
    description:
      name: http_parser
      sha256: db3060f22889f3d9d55f6a217565486737037eec3609f7f3eca4d0c67ee0d8a0
      url: "https://pub.dev"
    source: hosted
    version: "4.0.1"
  image_picker:
    dependency: "direct main"
    description:
      name: image_picker
      sha256: f3712cd190227fb92e0960cb0ce22928ba042c7183b16864ade83b259adf8ea6
      url: "https://pub.dev"
    source: hosted
    version: "0.8.5+3"
  image_picker_android:
    dependency: transitive
    description:
      name: image_picker_android
      sha256: "524c04b800320c92c079294a8a2024912b5cff6854d8e5da4d966338b243a276"
      url: "https://pub.dev"
    source: hosted
    version: "0.8.4+13"
  image_picker_for_web:
    dependency: transitive
    description:
      name: image_picker_for_web
      sha256: "60f306ffbdcada4bc8b2691acc420258a1b758e102c87c4f94fb568d640f0e0e"
      url: "https://pub.dev"
    source: hosted
    version: "2.1.8"
  image_picker_ios:
    dependency: transitive
    description:
      name: image_picker_ios
      sha256: c1af1bd2223362771e161a72c5361c762a7719f822583762b3ddd1971bcea081
      url: "https://pub.dev"
    source: hosted
    version: "0.8.5+5"
  image_picker_platform_interface:
    dependency: transitive
    description:
      name: image_picker_platform_interface
      sha256: b5cfa6b0364979411dfbd3a68bd874452eff22344f184f92af79bddc4acf4742
      url: "https://pub.dev"
    source: hosted
    version: "2.5.0"
  intl:
    dependency: "direct main"
    description:
      name: intl
      sha256: "910f85bce16fb5c6f614e117efa303e85a1731bb0081edf3604a2ae6e9a3cc91"
      url: "https://pub.dev"
    source: hosted
    version: "0.17.0"
  io:
    dependency: transitive
    description:
      name: io
      sha256: "0d4c73c3653ab85bf696d51a9657604c900a370549196a91f33e4c39af760852"
      url: "https://pub.dev"
    source: hosted
    version: "1.0.3"
  js:
    dependency: transitive
    description:
      name: js
      sha256: f2c445dce49627136094980615a031419f7f3eb393237e4ecd97ac15dea343f3
      url: "https://pub.dev"
    source: hosted
    version: "0.6.7"
  json_annotation:
    dependency: transitive
    description:
      name: json_annotation
      sha256: "53cddd9d4a2d253d977dbbd21642f20f580a6a65fcc05d9d69b9f0ecc264cad9"
      url: "https://pub.dev"
    source: hosted
    version: "4.5.0"
  lint:
    dependency: "direct main"
    description:
      name: lint
      sha256: "5715d702a2c3b493e09ed9e223625f0fc1f75e04167e338133a4cef28b868c1f"
      url: "https://pub.dev"
    source: hosted
    version: "1.8.2"
  lints:
    dependency: transitive
    description:
      name: lints
      sha256: a2c3d198cb5ea2e179926622d433331d8b58374ab8f29cdda6e863bd62fd369c
      url: "https://pub.dev"
    source: hosted
    version: "1.0.1"
  location:
    dependency: "direct main"
    description:
      name: location
      sha256: "9051959f6f2ccadd887b28b66e9cbbcc25b6838e37cf9e894c421ccc0ebf80b5"
      url: "https://pub.dev"
    source: hosted
    version: "4.4.0"
  location_platform_interface:
    dependency: transitive
    description:
      name: location_platform_interface
      sha256: "62eeaf1658e92e4459b727f55a3c328eccbac8ba043fa6d262ac5286ad48384c"
      url: "https://pub.dev"
    source: hosted
    version: "2.3.0"
  location_web:
    dependency: transitive
    description:
      name: location_web
      sha256: "6c08c408a040534c0269c4ff9fe17eebb5a36dea16512fbaf116b9c8bc21545b"
      url: "https://pub.dev"
    source: hosted
    version: "3.1.1"
  logging:
    dependency: transitive
    description:
      name: logging
      sha256: "293ae2d49fd79d4c04944c3a26dfd313382d5f52e821ec57119230ae16031ad4"
      url: "https://pub.dev"
    source: hosted
    version: "1.0.2"
  matcher:
    dependency: transitive
    description:
      name: matcher
      sha256: "2e2c34e631f93410daa3ee3410250eadc77ac6befc02a040eda8a123f34e6f5a"
      url: "https://pub.dev"
    source: hosted
    version: "0.12.11"
  material_color_utilities:
    dependency: transitive
    description:
      name: material_color_utilities
      sha256: d92141dc6fe1dad30722f9aa826c7fbc896d021d792f80678280601aff8cf724
      url: "https://pub.dev"
    source: hosted
    version: "0.2.0"
  meta:
    dependency: transitive
    description:
      name: meta
      sha256: "3c74dbf8763d36539f114c799d8a2d87343b5067e9d796ca22b5eb8437090ee3"
      url: "https://pub.dev"
    source: hosted
    version: "1.9.1"
  mime:
    dependency: transitive
    description:
      name: mime
      sha256: dab22e92b41aa1255ea90ddc4bc2feaf35544fd0728e209638cad041a6e3928a
      url: "https://pub.dev"
    source: hosted
    version: "1.0.2"
  nested:
    dependency: transitive
    description:
      name: nested
      sha256: "03bac4c528c64c95c722ec99280375a6f2fc708eec17c7b3f07253b626cd2a20"
      url: "https://pub.dev"
    source: hosted
    version: "1.0.0"
  node_preamble:
    dependency: transitive
    description:
      name: node_preamble
      sha256: "8ebdbaa3b96d5285d068f80772390d27c21e1fa10fb2df6627b1b9415043608d"
      url: "https://pub.dev"
    source: hosted
    version: "2.0.1"
  package_config:
    dependency: transitive
    description:
      name: package_config
      sha256: a4d5ede5ca9c3d88a2fef1147a078570c861714c806485c596b109819135bc12
      url: "https://pub.dev"
    source: hosted
    version: "2.0.2"
  package_info_plus:
    dependency: transitive
    description:
      name: package_info_plus
      sha256: "7a6114becdf042be2b0777d77ace954d4a205644171a1cbd8712976b9bbb837c"
      url: "https://pub.dev"
    source: hosted
    version: "1.4.2"
  package_info_plus_linux:
    dependency: transitive
    description:
      name: package_info_plus_linux
      sha256: "04b575f44233d30edbb80a94e57cad9107aada334fc02aabb42b6becd13c43fc"
      url: "https://pub.dev"
    source: hosted
    version: "1.0.5"
  package_info_plus_macos:
    dependency: transitive
    description:
      name: package_info_plus_macos
      sha256: a2ad8b4acf4cd479d4a0afa5a74ea3f5b1c7563b77e52cc32b3ee6956d5482a6
      url: "https://pub.dev"
    source: hosted
    version: "1.3.0"
  package_info_plus_platform_interface:
    dependency: transitive
    description:
      name: package_info_plus_platform_interface
      sha256: f7a0c8f1e7e981bc65f8b64137a53fd3c195b18d429fba960babc59a5a1c7ae8
      url: "https://pub.dev"
    source: hosted
    version: "1.0.2"
  package_info_plus_web:
    dependency: transitive
    description:
      name: package_info_plus_web
      sha256: d652f0a865d2da52856e2001c53e83fe34a6009cd8d8751d38cf8173c0abf906
      url: "https://pub.dev"
    source: hosted
    version: "1.0.5"
  package_info_plus_windows:
    dependency: transitive
    description:
      name: package_info_plus_windows
      sha256: a6040b8695c82f8dd3c3d4dfab7ef96fbe9c67aac21b9bcf5db272589ef84441
      url: "https://pub.dev"
    source: hosted
    version: "1.0.5"
  page_transition:
    dependency: "direct main"
    description:
      name: page_transition
      sha256: b1a6f3978c7084bd1dd5b0a4d5b934404094cc1e3f1338edf437669f5699820e
      url: "https://pub.dev"
    source: hosted
    version: "2.0.5"
  path:
    dependency: transitive
    description:
      name: path
      sha256: db9d4f58c908a4ba5953fcee2ae317c94889433e5024c27ce74a37f94267945b
      url: "https://pub.dev"
    source: hosted
    version: "1.8.2"
  path_drawing:
    dependency: transitive
    description:
      name: path_drawing
      sha256: a19347362f85a45aadf6bdfa3c04f18ff6676c445375eecd6251f9e09b9db551
      url: "https://pub.dev"
    source: hosted
    version: "1.0.0"
  path_parsing:
    dependency: transitive
    description:
      name: path_parsing
      sha256: "9508ebdf1c3ac3a68ad5fb15edab8b026382999f18f77352349e56fbd74183ac"
      url: "https://pub.dev"
    source: hosted
    version: "1.0.0"
  path_provider:
    dependency: transitive
    description:
      name: path_provider
      sha256: "3f6e0d697dc557ed6589107c8c13eda5ad488285917788379bbf392e3e30ea37"
      url: "https://pub.dev"
    source: hosted
    version: "2.0.10"
  path_provider_android:
    dependency: transitive
    description:
      name: path_provider_android
      sha256: dfaa152e93c3a6fec632482928c770b2156dfb873582e99fbd6ac3b3de651d4c
      url: "https://pub.dev"
    source: hosted
    version: "2.0.14"
  path_provider_ios:
    dependency: transitive
    description:
      name: path_provider_ios
      sha256: "060ca9249d85bda6ee4ea2ecb3f4698a32f73183e0dee4f469bee8e146eadc1f"
      url: "https://pub.dev"
    source: hosted
    version: "2.0.9"
  path_provider_linux:
    dependency: transitive
    description:
      name: path_provider_linux
      sha256: "367b9311fe9ce1421215bcc37dce9bde57b6640c7b790cee1974c2b0a691e074"
      url: "https://pub.dev"
    source: hosted
    version: "2.1.6"
  path_provider_macos:
    dependency: transitive
    description:
      name: path_provider_macos
      sha256: "2a97e7fbb7ae9dcd0dfc1220a78e9ec3e71da691912e617e8715ff2a13086ae8"
      url: "https://pub.dev"
    source: hosted
    version: "2.0.6"
  path_provider_platform_interface:
    dependency: transitive
    description:
      name: path_provider_platform_interface
      sha256: "27dc7a224fcd07444cb5e0e60423ccacea3e13cf00fc5282ac2c918132da931d"
      url: "https://pub.dev"
    source: hosted
    version: "2.0.4"
  path_provider_windows:
    dependency: transitive
    description:
      name: path_provider_windows
      sha256: "62dbb1bc45f1e7ba1094c9dd8ea46bdcffc254db7354b4988cb9326c9d2efcdd"
      url: "https://pub.dev"
    source: hosted
    version: "2.0.6"
  petitparser:
    dependency: transitive
    description:
      name: petitparser
      sha256: "1a914995d4ef10c94ff183528c120d35ed43b5eaa8713fc6766a9be4570782e2"
      url: "https://pub.dev"
    source: hosted
    version: "4.4.0"
  platform:
    dependency: transitive
    description:
      name: platform
      sha256: "4a451831508d7d6ca779f7ac6e212b4023dd5a7d08a27a63da33756410e32b76"
      url: "https://pub.dev"
    source: hosted
    version: "3.1.0"
  plugin_platform_interface:
    dependency: transitive
    description:
      name: plugin_platform_interface
      sha256: "075f927ebbab4262ace8d0b283929ac5410c0ac4e7fc123c76429564facfb757"
      url: "https://pub.dev"
    source: hosted
    version: "2.1.2"
  pool:
    dependency: transitive
    description:
      name: pool
      sha256: "05955e3de2683e1746222efd14b775df7131139e07695dc8e24650f6b4204504"
      url: "https://pub.dev"
    source: hosted
    version: "1.5.0"
  process:
    dependency: transitive
    description:
      name: process
      sha256: "53fd8db9cec1d37b0574e12f07520d582019cb6c44abf5479a01505099a34a09"
      url: "https://pub.dev"
    source: hosted
    version: "4.2.4"
  provider:
    dependency: "direct main"
    description:
      name: provider
      sha256: "8d7d4c2df46d6a6270a4e10404bfecb18a937e3e00f710c260d0a10415ce6b7b"
      url: "https://pub.dev"
    source: hosted
    version: "6.0.3"
  pub_semver:
    dependency: transitive
    description:
      name: pub_semver
      sha256: "816c1a640e952d213ddd223b3e7aafae08cd9f8e1f6864eed304cc13b0272b07"
      url: "https://pub.dev"
    source: hosted
    version: "2.1.1"
  quiver:
    dependency: transitive
    description:
      name: quiver
      sha256: "93982981971e812c94d4a6fa3a57b89f9ec12b38b6380cd3c1370c3b01e4580e"
      url: "https://pub.dev"
    source: hosted
    version: "3.1.0"
  recase:
    dependency: "direct main"
    description:
      name: recase
      sha256: "7aec9b9f498cba65ed969eda51ea3d86a77bbd633d876b57d9db7d9f94fc6ca5"
      url: "https://pub.dev"
    source: hosted
    version: "4.0.0"
  rive:
    dependency: "direct main"
    description:
      name: rive
      sha256: f76eaf823d7b0c7d6640dbb10f499f387fa66d01aa711ce7a4533a4e90b48c4a
      url: "https://pub.dev"
    source: hosted
    version: "0.8.4"
  rxdart:
    dependency: transitive
    description:
      name: rxdart
      sha256: "2ef8b4e91cb3b55d155e0e34eeae0ac7107974e451495c955ac04ddee8cc21fd"
      url: "https://pub.dev"
    source: hosted
    version: "0.26.0"
  shelf:
    dependency: transitive
    description:
      name: shelf
      sha256: "4592f6cb6c417632ebdfb63e4db42a7e3ad49d1bd52d9f93b6eb883035ddc0c3"
      url: "https://pub.dev"
    source: hosted
    version: "1.3.0"
  shelf_packages_handler:
    dependency: transitive
    description:
      name: shelf_packages_handler
      sha256: e0b44ebddec91e70a713e13adf93c1b2100821303b86a18e1ef1d082bd8bd9b8
      url: "https://pub.dev"
    source: hosted
    version: "3.0.0"
  shelf_static:
    dependency: transitive
    description:
      name: shelf_static
      sha256: "4a0d12cd512aa4fc55fed5f6280f02ef183f47ba29b4b0dfd621b1c99b7e6361"
      url: "https://pub.dev"
    source: hosted
    version: "1.1.0"
  shelf_web_socket:
    dependency: transitive
    description:
      name: shelf_web_socket
      sha256: fd84910bf7d58db109082edf7326b75322b8f186162028482f53dc892f00332d
      url: "https://pub.dev"
    source: hosted
    version: "1.0.1"
  simple_animations:
    dependency: transitive
    description:
      name: simple_animations
      sha256: b29f3001748e9019b652c4e8eb81bc7d7ebe2899219fa662eb602e191bfd2907
      url: "https://pub.dev"
    source: hosted
    version: "4.0.2"
  sky_engine:
    dependency: transitive
    description: flutter
    source: sdk
    version: "0.0.99"
  source_map_stack_trace:
    dependency: transitive
    description:
      name: source_map_stack_trace
      sha256: "8c463326277f68a628abab20580047b419c2ff66756fd0affd451f73f9508c11"
      url: "https://pub.dev"
    source: hosted
    version: "2.1.0"
  source_maps:
    dependency: transitive
    description:
      name: source_maps
      sha256: "52de2200bb098de739794c82d09c41ac27b2e42fd7e23cce7b9c74bf653c7296"
      url: "https://pub.dev"
    source: hosted
    version: "0.10.10"
  source_span:
    dependency: transitive
    description:
      name: source_span
      sha256: e3320978e3715725e62f04358fd249c1efe5999297b2c6acd626a817593281b0
      url: "https://pub.dev"
    source: hosted
    version: "1.9.0"
  stack_trace:
    dependency: transitive
    description:
      name: stack_trace
      sha256: f8d9f247e2f9f90e32d1495ff32dac7e4ae34ffa7194c5ff8fcc0fd0e52df774
      url: "https://pub.dev"
    source: hosted
    version: "1.10.0"
  stream_channel:
    dependency: transitive
    description:
      name: stream_channel
      sha256: db47e4797198ee601990820437179bb90219f918962318d494ada2b4b11e6f6d
      url: "https://pub.dev"
    source: hosted
    version: "2.1.0"
  stream_transform:
    dependency: transitive
    description:
      name: stream_transform
      sha256: ed464977cb26a1f41537e177e190c67223dbd9f4f683489b6ab2e5d211ec564e
      url: "https://pub.dev"
    source: hosted
    version: "2.0.0"
  string_scanner:
    dependency: transitive
    description:
      name: string_scanner
      sha256: "862015c5db1f3f3c4ea3b94dc2490363a84262994b88902315ed74be1155612f"
      url: "https://pub.dev"
    source: hosted
    version: "1.1.1"
  term_glyph:
    dependency: transitive
    description:
      name: term_glyph
      sha256: a88162591b02c1f3a3db3af8ce1ea2b374bd75a7bb8d5e353bcfbdc79d719830
      url: "https://pub.dev"
    source: hosted
    version: "1.2.0"
  test:
    dependency: "direct dev"
    description:
      name: test
      sha256: "4503d4cb95891ae777cd3c7835b534a6ff58075c2aeb607fe466d7f60dd80b17"
      url: "https://pub.dev"
    source: hosted
    version: "1.21.1"
  test_api:
    dependency: transitive
    description:
      name: test_api
      sha256: d8ca35bbbeef2d037e5693a3c8a381505afebfbfee7bc33fff5581bc4e16a939
      url: "https://pub.dev"
    source: hosted
    version: "0.4.9"
  test_core:
    dependency: transitive
    description:
      name: test_core
      sha256: "4064d33aeb2b78528c36c6f5e91baa35b8686d78becf2e3db6225e92c46fe406"
      url: "https://pub.dev"
    source: hosted
    version: "0.4.13"
  typed_data:
    dependency: transitive
    description:
      name: typed_data
      sha256: "53bdf7e979cfbf3e28987552fd72f637e63f3c8724c9e56d9246942dc2fa36ee"
      url: "https://pub.dev"
    source: hosted
    version: "1.3.0"
  uuid:
    dependency: "direct main"
    description:
      name: uuid
      sha256: "2469694ad079893e3b434a627970c33f2fa5adc46dfe03c9617546969a9a8afc"
      url: "https://pub.dev"
    source: hosted
    version: "3.0.6"
  vector_math:
    dependency: transitive
    description:
      name: vector_math
      sha256: "80b3257d1492ce4d091729e3a67a60407d227c27241d6927be0130c98e741803"
      url: "https://pub.dev"
    source: hosted
    version: "2.1.4"
  vm_service:
    dependency: transitive
    description:
      name: vm_service
      sha256: e686ae49284939abc06972e25f634ccdb5007d5664c4dfa1995002e8b6aa27a9
      url: "https://pub.dev"
    source: hosted
    version: "8.3.0"
  watcher:
    dependency: transitive
    description:
      name: watcher
      sha256: e42dfcc48f67618344da967b10f62de57e04bae01d9d3af4c2596f3712a88c99
      url: "https://pub.dev"
    source: hosted
    version: "1.0.1"
  web_socket_channel:
    dependency: transitive
    description:
      name: web_socket_channel
      sha256: "3a969ddcc204a3e34e863d204b29c0752716f78b6f9cc8235083208d268a4ccd"
      url: "https://pub.dev"
    source: hosted
    version: "2.2.0"
  webkit_inspection_protocol:
    dependency: transitive
    description:
      name: webkit_inspection_protocol
      sha256: f66577ed748712574b076e48a300aa3d8bc7aba93e83490c679707187e135ee4
      url: "https://pub.dev"
    source: hosted
    version: "1.1.0"
  win32:
    dependency: transitive
    description:
      name: win32
      sha256: "4658d864d83cdaedcbf3e65ad93b71880a3e8c9ee1ff15d855f88fb2da66cb8a"
      url: "https://pub.dev"
    source: hosted
    version: "2.5.2"
  xdg_directories:
    dependency: transitive
    description:
      name: xdg_directories
      sha256: "060b6e1c891d956f72b5ac9463466c37cce3fa962a921532fc001e86fe93438e"
      url: "https://pub.dev"
    source: hosted
    version: "0.2.0+1"
  xml:
    dependency: transitive
    description:
      name: xml
      sha256: baa23bcba1ba4ce4b22c0c7a1d9c861e7015cb5169512676da0b85138e72840c
      url: "https://pub.dev"
    source: hosted
    version: "5.3.1"
  yaml:
    dependency: transitive
    description:
      name: yaml
      sha256: "23812a9b125b48d4007117254bca50abb6c712352927eece9e155207b1db2370"
      url: "https://pub.dev"
    source: hosted
    version: "3.1.1"
sdks:
  dart: ">=3.0.0-0 <4.0.0"
  flutter: ">=2.10.0-0"
